
Microsoft Visual Studio Solution File, Format Version 12.00
# Visual Studio Version 17
VisualStudioVersion = 17.5.002.0
MinimumVisualStudioVersion = 10.0.40219.1
Project("{9A19103F-16F7-4668-BE54-9A1E7A4F7556}") = "Atividade", "Atividade\Atividade.csproj", "{5312B449-473F-4A24-9C2E-806B37961476}"
EndProject
Global
	GlobalSection(SolutionConfigurationPlatforms) = preSolution
		Debug|Any CPU = Debug|Any CPU
		Release|Any CPU = Release|Any CPU
	EndGlobalSection
	GlobalSection(ProjectConfigurationPlatforms) = postSolution
		{5312B449-473F-4A24-9C2E-806B37961476}.Debug|Any CPU.ActiveCfg = Debug|Any CPU
		{5312B449-473F-4A24-9C2E-806B37961476}.Debug|Any CPU.Build.0 = Debug|Any CPU
		{5312B449-473F-4A24-9C2E-806B37961476}.Release|Any CPU.ActiveCfg = Release|Any CPU
		{5312B449-473F-4A24-9C2E-806B37961476}.Release|Any CPU.Build.0 = Release|Any CPU
	EndGlobalSection
	GlobalSection(SolutionProperties) = preSolution
		HideSolutionNode = FALSE
	EndGlobalSection
	GlobalSection(ExtensibilityGlobals) = postSolution
		SolutionGuid = {716106FF-C743-4572-A930-8227C14A2D1F}
	EndGlobalSection
EndGlobal
